# THIS IS AN AUTOGENERATED FILE. DO NOT EDIT THIS FILE DIRECTLY.
# yarn lockfile v1


google-libphonenumber@^3.2.25:
  version "3.2.25"
  resolved "https://registry.yarnpkg.com/google-libphonenumber/-/google-libphonenumber-3.2.25.tgz#3bc1a041fa392739d201eacf66761df236f1614b"
  integrity sha512-M/b5mij5o2aGnbe+Id9O3847jBtP0baW61foFkevxBxbuV4LH9AcujjYLd2UVkUPKVdMpKyBZxfeNwdxqobQFQ==
